
Microsoft Visual Studio Solution File, Format Version 12.00
# Visual Studio 15
VisualStudioVersion = 15.0.28010.2003
MinimumVisualStudioVersion = 10.0.40219.1
Project("{FAE04EC0-301F-11D3-BF4B-00C04F79EFBC}") = "ExercicioEFCoreCodeFirst", "ExercicioEFCoreCodeFirst\ExercicioEFCoreCodeFirst.csproj", "{D579B997-D53F-4791-A158-99442FD5E2BD}"
EndProject
Global
	GlobalSection(SolutionConfigurationPlatforms) = preSolution
		Debug|Any CPU = Debug|Any CPU
		Release|Any CPU = Release|Any CPU
	EndGlobalSection
	GlobalSection(ProjectConfigurationPlatforms) = postSolution
		{D579B997-D53F-4791-A158-99442FD5E2BD}.Debug|Any CPU.ActiveCfg = Debug|Any CPU
		{D579B997-D53F-4791-A158-99442FD5E2BD}.Debug|Any CPU.Build.0 = Debug|Any CPU
		{D579B997-D53F-4791-A158-99442FD5E2BD}.Release|Any CPU.ActiveCfg = Release|Any CPU
		{D579B997-D53F-4791-A158-99442FD5E2BD}.Release|Any CPU.Build.0 = Release|Any CPU
	EndGlobalSection
	GlobalSection(SolutionProperties) = preSolution
		HideSolutionNode = FALSE
	EndGlobalSection
	GlobalSection(ExtensibilityGlobals) = postSolution
		SolutionGuid = {FF5FD51C-44E7-4454-AA08-ECBA0F5A5997}
	EndGlobalSection
EndGlobal
